
Microsoft Visual Studio Solution File, Format Version 12.00
# Visual Studio 15
VisualStudioVersion = 15.0.28307.329
MinimumVisualStudioVersion = 10.0.40219.1
Project("{FAE04EC0-301F-11D3-BF4B-00C04F79EFBC}") = "WebApplicationBanco", "WebApplicationBanco\WebApplicationBanco.csproj", "{CD77F9B5-7B65-4EDA-B6E7-AA1536D7B837}"
EndProject
Project("{FAE04EC0-301F-11D3-BF4B-00C04F79EFBC}") = "WebApplicationBanco.Tests", "WebApplicationBanco.Tests\WebApplicationBanco.Tests.csproj", "{530CFF62-228A-4CE7-90BF-F5B204642518}"
EndProject
Project("{FAE04EC0-301F-11D3-BF4B-00C04F79EFBC}") = "BLL", "BLLL\BLL.csproj", "{C0451841-84F2-460B-912B-CCDEE30A7BF0}"
EndProject
Project("{FAE04EC0-301F-11D3-BF4B-00C04F79EFBC}") = "DAL", "DALS\DAL.csproj", "{BF081837-46DF-425A-BFCE-C337C6AE630E}"
EndProject
Project("{FAE04EC0-301F-11D3-BF4B-00C04F79EFBC}") = "Entities", "Entitiess\Entities.csproj", "{E22FC21E-9717-42B2-B125-A818F73A7AC9}"
EndProject
Global
	GlobalSection(SolutionConfigurationPlatforms) = preSolution
		Debug|Any CPU = Debug|Any CPU
		Release|Any CPU = Release|Any CPU
	EndGlobalSection
	GlobalSection(ProjectConfigurationPlatforms) = postSolution
		{CD77F9B5-7B65-4EDA-B6E7-AA1536D7B837}.Debug|Any CPU.ActiveCfg = Debug|Any CPU
		{CD77F9B5-7B65-4EDA-B6E7-AA1536D7B837}.Debug|Any CPU.Build.0 = Debug|Any CPU
		{CD77F9B5-7B65-4EDA-B6E7-AA1536D7B837}.Release|Any CPU.ActiveCfg = Release|Any CPU
		{CD77F9B5-7B65-4EDA-B6E7-AA1536D7B837}.Release|Any CPU.Build.0 = Release|Any CPU
		{530CFF62-228A-4CE7-90BF-F5B204642518}.Debug|Any CPU.ActiveCfg = Debug|Any CPU
		{530CFF62-228A-4CE7-90BF-F5B204642518}.Debug|Any CPU.Build.0 = Debug|Any CPU
		{530CFF62-228A-4CE7-90BF-F5B204642518}.Release|Any CPU.ActiveCfg = Release|Any CPU
		{530CFF62-228A-4CE7-90BF-F5B204642518}.Release|Any CPU.Build.0 = Release|Any CPU
		{C0451841-84F2-460B-912B-CCDEE30A7BF0}.Debug|Any CPU.ActiveCfg = Debug|Any CPU
		{C0451841-84F2-460B-912B-CCDEE30A7BF0}.Debug|Any CPU.Build.0 = Debug|Any CPU
		{C0451841-84F2-460B-912B-CCDEE30A7BF0}.Release|Any CPU.ActiveCfg = Release|Any CPU
		{C0451841-84F2-460B-912B-CCDEE30A7BF0}.Release|Any CPU.Build.0 = Release|Any CPU
		{BF081837-46DF-425A-BFCE-C337C6AE630E}.Debug|Any CPU.ActiveCfg = Debug|Any CPU
		{BF081837-46DF-425A-BFCE-C337C6AE630E}.Debug|Any CPU.Build.0 = Debug|Any CPU
		{BF081837-46DF-425A-BFCE-C337C6AE630E}.Release|Any CPU.ActiveCfg = Release|Any CPU
		{BF081837-46DF-425A-BFCE-C337C6AE630E}.Release|Any CPU.Build.0 = Release|Any CPU
		{E22FC21E-9717-42B2-B125-A818F73A7AC9}.Debug|Any CPU.ActiveCfg = Debug|Any CPU
		{E22FC21E-9717-42B2-B125-A818F73A7AC9}.Debug|Any CPU.Build.0 = Debug|Any CPU
		{E22FC21E-9717-42B2-B125-A818F73A7AC9}.Release|Any CPU.ActiveCfg = Release|Any CPU
		{E22FC21E-9717-42B2-B125-A818F73A7AC9}.Release|Any CPU.Build.0 = Release|Any CPU
	EndGlobalSection
	GlobalSection(SolutionProperties) = preSolution
		HideSolutionNode = FALSE
	EndGlobalSection
	GlobalSection(ExtensibilityGlobals) = postSolution
		SolutionGuid = {318E0329-6403-4BF0-8282-A285F9801204}
	EndGlobalSection
EndGlobal
